PODS:
  - Alamofire (5.5.0)
  - AlamofireImage (4.2.0):
    - Alamofire (~> 5.4)
  - Realm (10.17.0):
    - Realm/Headers (= 10.17.0)
  - Realm/Headers (10.17.0)
  - RealmSwift (10.17.0):
    - Realm (= 10.17.0)
  - SkeletonView (1.29.2)
  - SteviaLayout (4.7.3)

DEPENDENCIES:
  - Alamofire
  - AlamofireImage
  - RealmSwift (= 10.17.0)
  - SkeletonView
  - SteviaLayout

SPEC REPOS:
  trunk:
    - Alamofire
    - AlamofireImage
    - Realm
    - RealmSwift
    - SkeletonView
    - SteviaLayout

SPEC CHECKSUMS:
  Alamofire: 1c4fb5369c3fe93d2857c780d8bbe09f06f97e7c
  AlamofireImage: 34a2d90b0e5fe6a5605f85ae4b7b01e784c60192
  Realm: 9533276bd76f66aa2fd0d3ffe700c1f6023dcab6
  RealmSwift: 57f5d59aa29852587aad1e861989e7af139894b5
  SkeletonView: 915a80ecc2b6421ab7ac0f0212321c0cc1406472
  SteviaLayout: c2ecdcff57d44e38fd2f65e54ad52aeae28ca0c4

PODFILE CHECKSUM: af53a50974283e386264ae985b3487856bf72578

COCOAPODS: 1.11.3
