// !$*UTF8*$!
{
	archiveVersion = 1;
	classes = {
	};
	objectVersion = 55;
	objects = {

/* Begin PBXBuildFile section */
		6DAC2D8631C140C987BEF61F /* Pods_MVChars_MVCharsUITests.framework in Frameworks */ = {isa = PBXBuildFile; fileRef = 900AA78E7699DBC1137BB46E /* Pods_MVChars_MVCharsUITests.framework */; };
		B03B98547579F1388A0D0A42 /* Pods_MVChars_MVCharsTests.framework in Frameworks */ = {isa = PBXBuildFile; fileRef = 9501F72E008EC70CFB55ED82 /* Pods_MVChars_MVCharsTests.framework */; };
		B5115861D50F52AA5BF06004 /* Pods_MVChars.framework in Frameworks */ = {isa = PBXBuildFile; fileRef = 7C50F498E6BA7606333E507C /* Pods_MVChars.framework */; };
		EB3361F5288C5FF5004A155A /* AppDelegate.swift in Sources */ = {isa = PBXBuildFile; fileRef = EB3361F4288C5FF5004A155A /* AppDelegate.swift */; };
		EB3361F7288C5FF5004A155A /* SceneDelegate.swift in Sources */ = {isa = PBXBuildFile; fileRef = EB3361F6288C5FF5004A155A /* SceneDelegate.swift */; };
		EB3361F9288C5FF5004A155A /* ViewController.swift in Sources */ = {isa = PBXBuildFile; fileRef = EB3361F8288C5FF5004A155A /* ViewController.swift */; };
		EB3361FC288C5FF5004A155A /* Main.storyboard in Resources */ = {isa = PBXBuildFile; fileRef = EB3361FA288C5FF5004A155A /* Main.storyboard */; };
		EB3361FE288C5FF6004A155A /* Assets.xcassets in Resources */ = {isa = PBXBuildFile; fileRef = EB3361FD288C5FF6004A155A /* Assets.xcassets */; };
		EB336201288C5FF6004A155A /* LaunchScreen.storyboard in Resources */ = {isa = PBXBuildFile; fileRef = EB3361FF288C5FF6004A155A /* LaunchScreen.storyboard */; };
		EB33620C288C5FF6004A155A /* MVCharsTests.swift in Sources */ = {isa = PBXBuildFile; fileRef = EB33620B288C5FF6004A155A /* MVCharsTests.swift */; };
		EB336216288C5FF6004A155A /* MVCharsUITests.swift in Sources */ = {isa = PBXBuildFile; fileRef = EB336215288C5FF6004A155A /* MVCharsUITests.swift */; };
		EB336218288C5FF6004A155A /* MVCharsUITestsLaunchTests.swift in Sources */ = {isa = PBXBuildFile; fileRef = EB336217288C5FF6004A155A /* MVCharsUITestsLaunchTests.swift */; };
/* End PBXBuildFile section */

/* Begin PBXContainerItemProxy section */
		EB336208288C5FF6004A155A /* PBXContainerItemProxy */ = {
			isa = PBXContainerItemProxy;
			containerPortal = EB3361E9288C5FF5004A155A /* Project object */;
			proxyType = 1;
			remoteGlobalIDString = EB3361F0288C5FF5004A155A;
			remoteInfo = MVChars;
		};
		EB336212288C5FF6004A155A /* PBXContainerItemProxy */ = {
			isa = PBXContainerItemProxy;
			containerPortal = EB3361E9288C5FF5004A155A /* Project object */;
			proxyType = 1;
			remoteGlobalIDString = EB3361F0288C5FF5004A155A;
			remoteInfo = MVChars;
		};
/* End PBXContainerItemProxy section */

/* Begin PBXFileReference section */
		09EA57730A476B5C3F77328F /* Pods-MVChars-MVCharsUITests.release.xcconfig */ = {isa = PBXFileReference; includeInIndex = 1; lastKnownFileType = text.xcconfig; name = "Pods-MVChars-MVCharsUITests.release.xcconfig"; path = "Target Support Files/Pods-MVChars-MVCharsUITests/Pods-MVChars-MVCharsUITests.release.xcconfig"; sourceTree = "<group>"; };
		7001FAB21C7E660FA910D820 /* Pods-MVChars-MVCharsTests.debug.xcconfig */ = {isa = PBXFileReference; includeInIndex = 1; lastKnownFileType = text.xcconfig; name = "Pods-MVChars-MVCharsTests.debug.xcconfig"; path = "Target Support Files/Pods-MVChars-MVCharsTests/Pods-MVChars-MVCharsTests.debug.xcconfig"; sourceTree = "<group>"; };
		7C50F498E6BA7606333E507C /* Pods_MVChars.framework */ = {isa = PBXFileReference; explicitFileType = wrapper.framework; includeInIndex = 0; path = Pods_MVChars.framework; sourceTree = BUILT_PRODUCTS_DIR; };
		8E2E51378D8205F53F82562F /* Pods-MVChars-MVCharsUITests.debug.xcconfig */ = {isa = PBXFileReference; includeInIndex = 1; lastKnownFileType = text.xcconfig; name = "Pods-MVChars-MVCharsUITests.debug.xcconfig"; path = "Target Support Files/Pods-MVChars-MVCharsUITests/Pods-MVChars-MVCharsUITests.debug.xcconfig"; sourceTree = "<group>"; };
		900AA78E7699DBC1137BB46E /* Pods_MVChars_MVCharsUITests.framework */ = {isa = PBXFileReference; explicitFileType = wrapper.framework; includeInIndex = 0; path = Pods_MVChars_MVCharsUITests.framework; sourceTree = BUILT_PRODUCTS_DIR; };
		9501F72E008EC70CFB55ED82 /* Pods_MVChars_MVCharsTests.framework */ = {isa = PBXFileReference; explicitFileType = wrapper.framework; includeInIndex = 0; path = Pods_MVChars_MVCharsTests.framework; sourceTree = BUILT_PRODUCTS_DIR; };
		A8067DCC146A6DC0A2C69A6E /* Pods-MVChars.debug.xcconfig */ = {isa = PBXFileReference; includeInIndex = 1; lastKnownFileType = text.xcconfig; name = "Pods-MVChars.debug.xcconfig"; path = "Target Support Files/Pods-MVChars/Pods-MVChars.debug.xcconfig"; sourceTree = "<group>"; };
		AB126F1052468D3AEC281268 /* Pods-MVChars.release.xcconfig */ = {isa = PBXFileReference; includeInIndex = 1; lastKnownFileType = text.xcconfig; name = "Pods-MVChars.release.xcconfig"; path = "Target Support Files/Pods-MVChars/Pods-MVChars.release.xcconfig"; sourceTree = "<group>"; };
		C37F35D9E011EED19DD914F5 /* Pods-MVChars-MVCharsTests.release.xcconfig */ = {isa = PBXFileReference; includeInIndex = 1; lastKnownFileType = text.xcconfig; name = "Pods-MVChars-MVCharsTests.release.xcconfig"; path = "Target Support Files/Pods-MVChars-MVCharsTests/Pods-MVChars-MVCharsTests.release.xcconfig"; sourceTree = "<group>"; };
		EB3361F1288C5FF5004A155A /* MVChars.app */ = {isa = PBXFileReference; explicitFileType = wrapper.application; includeInIndex = 0; path = MVChars.app; sourceTree = BUILT_PRODUCTS_DIR; };
		EB3361F4288C5FF5004A155A /* AppDelegate.swift */ = {isa = PBXFileReference; lastKnownFileType = sourcecode.swift; path = AppDelegate.swift; sourceTree = "<group>"; };
		EB3361F6288C5FF5004A155A /* SceneDelegate.swift */ = {isa = PBXFileReference; lastKnownFileType = sourcecode.swift; path = SceneDelegate.swift; sourceTree = "<group>"; };
		EB3361F8288C5FF5004A155A /* ViewController.swift */ = {isa = PBXFileReference; lastKnownFileType = sourcecode.swift; path = ViewController.swift; sourceTree = "<group>"; };
		EB3361FB288C5FF5004A155A /* Base */ = {isa = PBXFileReference; lastKnownFileType = file.storyboard; name = Base; path = Base.lproj/Main.storyboard; sourceTree = "<group>"; };
		EB3361FD288C5FF6004A155A /* Assets.xcassets */ = {isa = PBXFileReference; lastKnownFileType = folder.assetcatalog; path = Assets.xcassets; sourceTree = "<group>"; };
		EB336200288C5FF6004A155A /* Base */ = {isa = PBXFileReference; lastKnownFileType = file.storyboard; name = Base; path = Base.lproj/LaunchScreen.storyboard; sourceTree = "<group>"; };
		EB336202288C5FF6004A155A /* Info.plist */ = {isa = PBXFileReference; lastKnownFileType = text.plist.xml; path = Info.plist; sourceTree = "<group>"; };
		EB336207288C5FF6004A155A /* MVCharsTests.xctest */ = {isa = PBXFileReference; explicitFileType = wrapper.cfbundle; includeInIndex = 0; path = MVCharsTests.xctest; sourceTree = BUILT_PRODUCTS_DIR; };
		EB33620B288C5FF6004A155A /* MVCharsTests.swift */ = {isa = PBXFileReference; lastKnownFileType = sourcecode.swift; path = MVCharsTests.swift; sourceTree = "<group>"; };
		EB336211288C5FF6004A155A /* MVCharsUITests.xctest */ = {isa = PBXFileReference; explicitFileType = wrapper.cfbundle; includeInIndex = 0; path = MVCharsUITests.xctest; sourceTree = BUILT_PRODUCTS_DIR; };
		EB336215288C5FF6004A155A /* MVCharsUITests.swift */ = {isa = PBXFileReference; lastKnownFileType = sourcecode.swift; path = MVCharsUITests.swift; sourceTree = "<group>"; };
		EB336217288C5FF6004A155A /* MVCharsUITestsLaunchTests.swift */ = {isa = PBXFileReference; lastKnownFileType = sourcecode.swift; path = MVCharsUITestsLaunchTests.swift; sourceTree = "<group>"; };
/* End PBXFileReference section */

/* Begin PBXFrameworksBuildPhase section */
		EB3361EE288C5FF5004A155A /* Frameworks */ = {
			isa = PBXFrameworksBuildPhase;
			buildActionMask = 2147483647;
			files = (
				B5115861D50F52AA5BF06004 /* Pods_MVChars.framework in Frameworks */,
			);
			runOnlyForDeploymentPostprocessing = 0;
		};
		EB336204288C5FF6004A155A /* Frameworks */ = {
			isa = PBXFrameworksBuildPhase;
			buildActionMask = 2147483647;
			files = (
				B03B98547579F1388A0D0A42 /* Pods_MVChars_MVCharsTests.framework in Frameworks */,
			);
			runOnlyForDeploymentPostprocessing = 0;
		};
		EB33620E288C5FF6004A155A /* Frameworks */ = {
			isa = PBXFrameworksBuildPhase;
			buildActionMask = 2147483647;
			files = (
				6DAC2D8631C140C987BEF61F /* Pods_MVChars_MVCharsUITests.framework in Frameworks */,
			);
			runOnlyForDeploymentPostprocessing = 0;
		};
/* End PBXFrameworksBuildPhase section */

/* Begin PBXGroup section */
		0CD1D5F1696CC0997DFD76DF /* Pods */ = {
			isa = PBXGroup;
			children = (
				A8067DCC146A6DC0A2C69A6E /* Pods-MVChars.debug.xcconfig */,
				AB126F1052468D3AEC281268 /* Pods-MVChars.release.xcconfig */,
				7001FAB21C7E660FA910D820 /* Pods-MVChars-MVCharsTests.debug.xcconfig */,
				C37F35D9E011EED19DD914F5 /* Pods-MVChars-MVCharsTests.release.xcconfig */,
				8E2E51378D8205F53F82562F /* Pods-MVChars-MVCharsUITests.debug.xcconfig */,
				09EA57730A476B5C3F77328F /* Pods-MVChars-MVCharsUITests.release.xcconfig */,
			);
			path = Pods;
			sourceTree = "<group>";
		};
		EB3361E8288C5FF5004A155A = {
			isa = PBXGroup;
			children = (
				EB3361F3288C5FF5004A155A /* MVChars */,
				EB33620A288C5FF6004A155A /* MVCharsTests */,
				EB336214288C5FF6004A155A /* MVCharsUITests */,
				EB3361F2288C5FF5004A155A /* Products */,
				0CD1D5F1696CC0997DFD76DF /* Pods */,
				FD9AA847F776519913502200 /* Frameworks */,
			);
			sourceTree = "<group>";
		};
		EB3361F2288C5FF5004A155A /* Products */ = {
			isa = PBXGroup;
			children = (
				EB3361F1288C5FF5004A155A /* MVChars.app */,
				EB336207288C5FF6004A155A /* MVCharsTests.xctest */,
				EB336211288C5FF6004A155A /* MVCharsUITests.xctest */,
			);
			name = Products;
			sourceTree = "<group>";
		};
		EB3361F3288C5FF5004A155A /* MVChars */ = {
			isa = PBXGroup;
			children = (
				EB3361F4288C5FF5004A155A /* AppDelegate.swift */,
				EB3361F6288C5FF5004A155A /* SceneDelegate.swift */,
				EB3361F8288C5FF5004A155A /* ViewController.swift */,
				EB3361FA288C5FF5004A155A /* Main.storyboard */,
				EB3361FD288C5FF6004A155A /* Assets.xcassets */,
				EB3361FF288C5FF6004A155A /* LaunchScreen.storyboard */,
				EB336202288C5FF6004A155A /* Info.plist */,
			);
			path = MVChars;
			sourceTree = "<group>";
		};
		EB33620A288C5FF6004A155A /* MVCharsTests */ = {
			isa = PBXGroup;
			children = (
				EB33620B288C5FF6004A155A /* MVCharsTests.swift */,
			);
			path = MVCharsTests;
			sourceTree = "<group>";
		};
		EB336214288C5FF6004A155A /* MVCharsUITests */ = {
			isa = PBXGroup;
			children = (
				EB336215288C5FF6004A155A /* MVCharsUITests.swift */,
				EB336217288C5FF6004A155A /* MVCharsUITestsLaunchTests.swift */,
			);
			path = MVCharsUITests;
			sourceTree = "<group>";
		};
		FD9AA847F776519913502200 /* Frameworks */ = {
			isa = PBXGroup;
			children = (
				7C50F498E6BA7606333E507C /* Pods_MVChars.framework */,
				9501F72E008EC70CFB55ED82 /* Pods_MVChars_MVCharsTests.framework */,
				900AA78E7699DBC1137BB46E /* Pods_MVChars_MVCharsUITests.framework */,
			);
			name = Frameworks;
			sourceTree = "<group>";
		};
/* End PBXGroup section */

/* Begin PBXNativeTarget section */
		EB3361F0288C5FF5004A155A /* MVChars */ = {
			isa = PBXNativeTarget;
			buildConfigurationList = EB33621B288C5FF6004A155A /* Build configuration list for PBXNativeTarget "MVChars" */;
			buildPhases = (
				7602FD73BD7DE7D61B3ABE22 /* [CP] Check Pods Manifest.lock */,
				EB3361ED288C5FF5004A155A /* Sources */,
				EB3361EE288C5FF5004A155A /* Frameworks */,
				EB3361EF288C5FF5004A155A /* Resources */,
				9DD376907119F7E8275F046D /* [CP] Embed Pods Frameworks */,
			);
			buildRules = (
			);
			dependencies = (
			);
			name = MVChars;
			productName = MVChars;
			productReference = EB3361F1288C5FF5004A155A /* MVChars.app */;
			productType = "com.apple.product-type.application";
		};
		EB336206288C5FF6004A155A /* MVCharsTests */ = {
			isa = PBXNativeTarget;
			buildConfigurationList = EB33621E288C5FF6004A155A /* Build configuration list for PBXNativeTarget "MVCharsTests" */;
			buildPhases = (
				8C8FDCBAA71AA5E5871ECE20 /* [CP] Check Pods Manifest.lock */,
				EB336203288C5FF6004A155A /* Sources */,
				EB336204288C5FF6004A155A /* Frameworks */,
				EB336205288C5FF6004A155A /* Resources */,
				2C4D1445AD0516F9FFC952F6 /* [CP] Embed Pods Frameworks */,
			);
			buildRules = (
			);
			dependencies = (
				EB336209288C5FF6004A155A /* PBXTargetDependency */,
			);
			name = MVCharsTests;
			productName = MVCharsTests;
			productReference = EB336207288C5FF6004A155A /* MVCharsTests.xctest */;
			productType = "com.apple.product-type.bundle.unit-test";
		};
		EB336210288C5FF6004A155A /* MVCharsUITests */ = {
			isa = PBXNativeTarget;
			buildConfigurationList = EB336221288C5FF6004A155A /* Build configuration list for PBXNativeTarget "MVCharsUITests" */;
			buildPhases = (
				C72C9CD4A819B16AF7ECF5E2 /* [CP] Check Pods Manifest.lock */,
				EB33620D288C5FF6004A155A /* Sources */,
				EB33620E288C5FF6004A155A /* Frameworks */,
				EB33620F288C5FF6004A155A /* Resources */,
				7169FE15397062DE14E2FCDE /* [CP] Embed Pods Frameworks */,
			);
			buildRules = (
			);
			dependencies = (
				EB336213288C5FF6004A155A /* PBXTargetDependency */,
			);
			name = MVCharsUITests;
			productName = MVCharsUITests;
			productReference = EB336211288C5FF6004A155A /* MVCharsUITests.xctest */;
			productType = "com.apple.product-type.bundle.ui-testing";
		};
/* End PBXNativeTarget section */

/* Begin PBXProject section */
		EB3361E9288C5FF5004A155A /* Project object */ = {
			isa = PBXProject;
			attributes = {
				BuildIndependentTargetsInParallel = 1;
				LastSwiftUpdateCheck = 1340;
				LastUpgradeCheck = 1340;
				TargetAttributes = {
					EB3361F0288C5FF5004A155A = {
						CreatedOnToolsVersion = 13.4.1;
					};
					EB336206288C5FF6004A155A = {
						CreatedOnToolsVersion = 13.4.1;
						TestTargetID = EB3361F0288C5FF5004A155A;
					};
					EB336210288C5FF6004A155A = {
						CreatedOnToolsVersion = 13.4.1;
						TestTargetID = EB3361F0288C5FF5004A155A;
					};
				};
			};
			buildConfigurationList = EB3361EC288C5FF5004A155A /* Build configuration list for PBXProject "MVChars" */;
			compatibilityVersion = "Xcode 13.0";
			developmentRegion = en;
			hasScannedForEncodings = 0;
			knownRegions = (
				en,
				Base,
			);
			mainGroup = EB3361E8288C5FF5004A155A;
			productRefGroup = EB3361F2288C5FF5004A155A /* Products */;
			projectDirPath = "";
			projectRoot = "";
			targets = (
				EB3361F0288C5FF5004A155A /* MVChars */,
				EB336206288C5FF6004A155A /* MVCharsTests */,
				EB336210288C5FF6004A155A /* MVCharsUITests */,
			);
		};
/* End PBXProject section */

/* Begin PBXResourcesBuildPhase section */
		EB3361EF288C5FF5004A155A /* Resources */ = {
			isa = PBXResourcesBuildPhase;
			buildActionMask = 2147483647;
			files = (
				EB336201288C5FF6004A155A /* LaunchScreen.storyboard in Resources */,
				EB3361FE288C5FF6004A155A /* Assets.xcassets in Resources */,
				EB3361FC288C5FF5004A155A /* Main.storyboard in Resources */,
			);
			runOnlyForDeploymentPostprocessing = 0;
		};
		EB336205288C5FF6004A155A /* Resources */ = {
			isa = PBXResourcesBuildPhase;
			buildActionMask = 2147483647;
			files = (
			);
			runOnlyForDeploymentPostprocessing = 0;
		};
		EB33620F288C5FF6004A155A /* Resources */ = {
			isa = PBXResourcesBuildPhase;
			buildActionMask = 2147483647;
			files = (
			);
			runOnlyForDeploymentPostprocessing = 0;
		};
/* End PBXResourcesBuildPhase section */

/* Begin PBXShellScriptBuildPhase section */
		2C4D1445AD0516F9FFC952F6 /* [CP] Embed Pods Frameworks */ = {
			isa = PBXShellScriptBuildPhase;
			buildActionMask = 2147483647;
			files = (
			);
			inputFileListPaths = (
				"${PODS_ROOT}/Target Support Files/Pods-MVChars-MVCharsTests/Pods-MVChars-MVCharsTests-frameworks-${CONFIGURATION}-input-files.xcfilelist",
			);
			name = "[CP] Embed Pods Frameworks";
			outputFileListPaths = (
				"${PODS_ROOT}/Target Support Files/Pods-MVChars-MVCharsTests/Pods-MVChars-MVCharsTests-frameworks-${CONFIGURATION}-output-files.xcfilelist",
			);
			runOnlyForDeploymentPostprocessing = 0;
			shellPath = /bin/sh;
			shellScript = "\"${PODS_ROOT}/Target Support Files/Pods-MVChars-MVCharsTests/Pods-MVChars-MVCharsTests-frameworks.sh\"\n";
			showEnvVarsInLog = 0;
		};
		7169FE15397062DE14E2FCDE /* [CP] Embed Pods Frameworks */ = {
			isa = PBXShellScriptBuildPhase;
			buildActionMask = 2147483647;
			files = (
			);
			inputFileListPaths = (
				"${PODS_ROOT}/Target Support Files/Pods-MVChars-MVCharsUITests/Pods-MVChars-MVCharsUITests-frameworks-${CONFIGURATION}-input-files.xcfilelist",
			);
			name = "[CP] Embed Pods Frameworks";
			outputFileListPaths = (
				"${PODS_ROOT}/Target Support Files/Pods-MVChars-MVCharsUITests/Pods-MVChars-MVCharsUITests-frameworks-${CONFIGURATION}-output-files.xcfilelist",
			);
			runOnlyForDeploymentPostprocessing = 0;
			shellPath = /bin/sh;
			shellScript = "\"${PODS_ROOT}/Target Support Files/Pods-MVChars-MVCharsUITests/Pods-MVChars-MVCharsUITests-frameworks.sh\"\n";
			showEnvVarsInLog = 0;
		};
		7602FD73BD7DE7D61B3ABE22 /* [CP] Check Pods Manifest.lock */ = {
			isa = PBXShellScriptBuildPhase;
			buildActionMask = 2147483647;
			files = (
			);
			inputFileListPaths = (
			);
			inputPaths = (
				"${PODS_PODFILE_DIR_PATH}/Podfile.lock",
				"${PODS_ROOT}/Manifest.lock",
			);
			name = "[CP] Check Pods Manifest.lock";
			outputFileListPaths = (
			);
			outputPaths = (
				"$(DERIVED_FILE_DIR)/Pods-MVChars-checkManifestLockResult.txt",
			);
			runOnlyForDeploymentPostprocessing = 0;
			shellPath = /bin/sh;
			shellScript = "diff \"${PODS_PODFILE_DIR_PATH}/Podfile.lock\" \"${PODS_ROOT}/Manifest.lock\" > /dev/null\nif [ $? != 0 ] ; then\n    # print error to STDERR\n    echo \"error: The sandbox is not in sync with the Podfile.lock. Run 'pod install' or update your CocoaPods installation.\" >&2\n    exit 1\nfi\n# This output is used by Xcode 'outputs' to avoid re-running this script phase.\necho \"SUCCESS\" > \"${SCRIPT_OUTPUT_FILE_0}\"\n";
			showEnvVarsInLog = 0;
		};
		8C8FDCBAA71AA5E5871ECE20 /* [CP] Check Pods Manifest.lock */ = {
			isa = PBXShellScriptBuildPhase;
			buildActionMask = 2147483647;
			files = (
			);
			inputFileListPaths = (
			);
			inputPaths = (
				"${PODS_PODFILE_DIR_PATH}/Podfile.lock",
				"${PODS_ROOT}/Manifest.lock",
			);
			name = "[CP] Check Pods Manifest.lock";
			outputFileListPaths = (
			);
			outputPaths = (
				"$(DERIVED_FILE_DIR)/Pods-MVChars-MVCharsTests-checkManifestLockResult.txt",
			);
			runOnlyForDeploymentPostprocessing = 0;
			shellPath = /bin/sh;
			shellScript = "diff \"${PODS_PODFILE_DIR_PATH}/Podfile.lock\" \"${PODS_ROOT}/Manifest.lock\" > /dev/null\nif [ $? != 0 ] ; then\n    # print error to STDERR\n    echo \"error: The sandbox is not in sync with the Podfile.lock. Run 'pod install' or update your CocoaPods installation.\" >&2\n    exit 1\nfi\n# This output is used by Xcode 'outputs' to avoid re-running this script phase.\necho \"SUCCESS\" > \"${SCRIPT_OUTPUT_FILE_0}\"\n";
			showEnvVarsInLog = 0;
		};
		9DD376907119F7E8275F046D /* [CP] Embed Pods Frameworks */ = {
			isa = PBXShellScriptBuildPhase;
			buildActionMask = 2147483647;
			files = (
			);
			inputFileListPaths = (
				"${PODS_ROOT}/Target Support Files/Pods-MVChars/Pods-MVChars-frameworks-${CONFIGURATION}-input-files.xcfilelist",
			);
			name = "[CP] Embed Pods Frameworks";
			outputFileListPaths = (
				"${PODS_ROOT}/Target Support Files/Pods-MVChars/Pods-MVChars-frameworks-${CONFIGURATION}-output-files.xcfilelist",
			);
			runOnlyForDeploymentPostprocessing = 0;
			shellPath = /bin/sh;
			shellScript = "\"${PODS_ROOT}/Target Support Files/Pods-MVChars/Pods-MVChars-frameworks.sh\"\n";
			showEnvVarsInLog = 0;
		};
		C72C9CD4A819B16AF7ECF5E2 /* [CP] Check Pods Manifest.lock */ = {
			isa = PBXShellScriptBuildPhase;
			buildActionMask = 2147483647;
			files = (
			);
			inputFileListPaths = (
			);
			inputPaths = (
				"${PODS_PODFILE_DIR_PATH}/Podfile.lock",
				"${PODS_ROOT}/Manifest.lock",
			);
			name = "[CP] Check Pods Manifest.lock";
			outputFileListPaths = (
			);
			outputPaths = (
				"$(DERIVED_FILE_DIR)/Pods-MVChars-MVCharsUITests-checkManifestLockResult.txt",
			);
			runOnlyForDeploymentPostprocessing = 0;
			shellPath = /bin/sh;
			shellScript = "diff \"${PODS_PODFILE_DIR_PATH}/Podfile.lock\" \"${PODS_ROOT}/Manifest.lock\" > /dev/null\nif [ $? != 0 ] ; then\n    # print error to STDERR\n    echo \"error: The sandbox is not in sync with the Podfile.lock. Run 'pod install' or update your CocoaPods installation.\" >&2\n    exit 1\nfi\n# This output is used by Xcode 'outputs' to avoid re-running this script phase.\necho \"SUCCESS\" > \"${SCRIPT_OUTPUT_FILE_0}\"\n";
			showEnvVarsInLog = 0;
		};
/* End PBXShellScriptBuildPhase section */

/* Begin PBXSourcesBuildPhase section */
		EB3361ED288C5FF5004A155A /* Sources */ = {
			isa = PBXSourcesBuildPhase;
			buildActionMask = 2147483647;
			files = (
				EB3361F9288C5FF5004A155A /* ViewController.swift in Sources */,
				EB3361F5288C5FF5004A155A /* AppDelegate.swift in Sources */,
				EB3361F7288C5FF5004A155A /* SceneDelegate.swift in Sources */,
			);
			runOnlyForDeploymentPostprocessing = 0;
		};
		EB336203288C5FF6004A155A /* Sources */ = {
			isa = PBXSourcesBuildPhase;
			buildActionMask = 2147483647;
			files = (
				EB33620C288C5FF6004A155A /* MVCharsTests.swift in Sources */,
			);
			runOnlyForDeploymentPostprocessing = 0;
		};
		EB33620D288C5FF6004A155A /* Sources */ = {
			isa = PBXSourcesBuildPhase;
			buildActionMask = 2147483647;
			files = (
				EB336216288C5FF6004A155A /* MVCharsUITests.swift in Sources */,
				EB336218288C5FF6004A155A /* MVCharsUITestsLaunchTests.swift in Sources */,
			);
			runOnlyForDeploymentPostprocessing = 0;
		};
/* End PBXSourcesBuildPhase section */

/* Begin PBXTargetDependency section */
		EB336209288C5FF6004A155A /* PBXTargetDependency */ = {
			isa = PBXTargetDependency;
			target = EB3361F0288C5FF5004A155A /* MVChars */;
			targetProxy = EB336208288C5FF6004A155A /* PBXContainerItemProxy */;
		};
		EB336213288C5FF6004A155A /* PBXTargetDependency */ = {
			isa = PBXTargetDependency;
			target = EB3361F0288C5FF5004A155A /* MVChars */;
			targetProxy = EB336212288C5FF6004A155A /* PBXContainerItemProxy */;
		};
/* End PBXTargetDependency section */

/* Begin PBXVariantGroup section */
		EB3361FA288C5FF5004A155A /* Main.storyboard */ = {
			isa = PBXVariantGroup;
			children = (
				EB3361FB288C5FF5004A155A /* Base */,
			);
			name = Main.storyboard;
			sourceTree = "<group>";
		};
		EB3361FF288C5FF6004A155A /* LaunchScreen.storyboard */ = {
			isa = PBXVariantGroup;
			children = (
				EB336200288C5FF6004A155A /* Base */,
			);
			name = LaunchScreen.storyboard;
			sourceTree = "<group>";
		};
/* End PBXVariantGroup section */

/* Begin XCBuildConfiguration section */
		EB336219288C5FF6004A155A /* Debug */ = {
			isa = XCBuildConfiguration;
			buildSettings = {
				ALWAYS_SEARCH_USER_PATHS = NO;
				CLANG_ANALYZER_NONNULL = YES;
				CLANG_ANALYZER_NUMBER_OBJECT_CONVERSION = YES_AGGRESSIVE;
				CLANG_CXX_LANGUAGE_STANDARD = "gnu++17";
				CLANG_ENABLE_MODULES = YES;
				CLANG_ENABLE_OBJC_ARC = YES;
				CLANG_ENABLE_OBJC_WEAK = YES;
				CLANG_WARN_BLOCK_CAPTURE_AUTORELEASING = YES;
				CLANG_WARN_BOOL_CONVERSION = YES;
				CLANG_WARN_COMMA = YES;
				CLANG_WARN_CONSTANT_CONVERSION = YES;
				CLANG_WARN_DEPRECATED_OBJC_IMPLEMENTATIONS = YES;
				CLANG_WARN_DIRECT_OBJC_ISA_USAGE = YES_ERROR;
				CLANG_WARN_DOCUMENTATION_COMMENTS = YES;
				CLANG_WARN_EMPTY_BODY = YES;
				CLANG_WARN_ENUM_CONVERSION = YES;
				CLANG_WARN_INFINITE_RECURSION = YES;
				CLANG_WARN_INT_CONVERSION = YES;
				CLANG_WARN_NON_LITERAL_NULL_CONVERSION = YES;
				CLANG_WARN_OBJC_IMPLICIT_RETAIN_SELF = YES;
				CLANG_WARN_OBJC_LITERAL_CONVERSION = YES;
				CLANG_WARN_OBJC_ROOT_CLASS = YES_ERROR;
				CLANG_WARN_QUOTED_INCLUDE_IN_FRAMEWORK_HEADER = YES;
				CLANG_WARN_RANGE_LOOP_ANALYSIS = YES;
				CLANG_WARN_STRICT_PROTOTYPES = YES;
				CLANG_WARN_SUSPICIOUS_MOVE = YES;
				CLANG_WARN_UNGUARDED_AVAILABILITY = YES_AGGRESSIVE;
				CLANG_WARN_UNREACHABLE_CODE = YES;
				CLANG_WARN__DUPLICATE_METHOD_MATCH = YES;
				COPY_PHASE_STRIP = NO;
				DEBUG_INFORMATION_FORMAT = dwarf;
				ENABLE_STRICT_OBJC_MSGSEND = YES;
				ENABLE_TESTABILITY = YES;
				GCC_C_LANGUAGE_STANDARD = gnu11;
				GCC_DYNAMIC_NO_PIC = NO;
				GCC_NO_COMMON_BLOCKS = YES;
				GCC_OPTIMIZATION_LEVEL = 0;
				GCC_PREPROCESSOR_DEFINITIONS = (
					"DEBUG=1",
					"$(inherited)",
				);
				GCC_WARN_64_TO_32_BIT_CONVERSION = YES;
				GCC_WARN_ABOUT_RETURN_TYPE = YES_ERROR;
				GCC_WARN_UNDECLARED_SELECTOR = YES;
				GCC_WARN_UNINITIALIZED_AUTOS = YES_AGGRESSIVE;
				GCC_WARN_UNUSED_FUNCTION = YES;
				GCC_WARN_UNUSED_VARIABLE = YES;
				IPHONEOS_DEPLOYMENT_TARGET = 15.5;
				MTL_ENABLE_DEBUG_INFO = INCLUDE_SOURCE;
				MTL_FAST_MATH = YES;
				ONLY_ACTIVE_ARCH = YES;
				SDKROOT = iphoneos;
				SWIFT_ACTIVE_COMPILATION_CONDITIONS = DEBUG;
				SWIFT_OPTIMIZATION_LEVEL = "-Onone";
			};
			name = Debug;
		};
		EB33621A288C5FF6004A155A /* Release */ = {
			isa = XCBuildConfiguration;
			buildSettings = {
				ALWAYS_SEARCH_USER_PATHS = NO;
				CLANG_ANALYZER_NONNULL = YES;
				CLANG_ANALYZER_NUMBER_OBJECT_CONVERSION = YES_AGGRESSIVE;
				CLANG_CXX_LANGUAGE_STANDARD = "gnu++17";
				CLANG_ENABLE_MODULES = YES;
				CLANG_ENABLE_OBJC_ARC = YES;
				CLANG_ENABLE_OBJC_WEAK = YES;
				CLANG_WARN_BLOCK_CAPTURE_AUTORELEASING = YES;
				CLANG_WARN_BOOL_CONVERSION = YES;
				CLANG_WARN_COMMA = YES;
				CLANG_WARN_CONSTANT_CONVERSION = YES;
				CLANG_WARN_DEPRECATED_OBJC_IMPLEMENTATIONS = YES;
				CLANG_WARN_DIRECT_OBJC_ISA_USAGE = YES_ERROR;
				CLANG_WARN_DOCUMENTATION_COMMENTS = YES;
				CLANG_WARN_EMPTY_BODY = YES;
				CLANG_WARN_ENUM_CONVERSION = YES;
				CLANG_WARN_INFINITE_RECURSION = YES;
				CLANG_WARN_INT_CONVERSION = YES;
				CLANG_WARN_NON_LITERAL_NULL_CONVERSION = YES;
				CLANG_WARN_OBJC_IMPLICIT_RETAIN_SELF = YES;
				CLANG_WARN_OBJC_LITERAL_CONVERSION = YES;
				CLANG_WARN_OBJC_ROOT_CLASS = YES_ERROR;
				CLANG_WARN_QUOTED_INCLUDE_IN_FRAMEWORK_HEADER = YES;
				CLANG_WARN_RANGE_LOOP_ANALYSIS = YES;
				CLANG_WARN_STRICT_PROTOTYPES = YES;
				CLANG_WARN_SUSPICIOUS_MOVE = YES;
				CLANG_WARN_UNGUARDED_AVAILABILITY = YES_AGGRESSIVE;
				CLANG_WARN_UNREACHABLE_CODE = YES;
				CLANG_WARN__DUPLICATE_METHOD_MATCH = YES;
				COPY_PHASE_STRIP = NO;
				DEBUG_INFORMATION_FORMAT = "dwarf-with-dsym";
				ENABLE_NS_ASSERTIONS = NO;
				ENABLE_STRICT_OBJC_MSGSEND = YES;
				GCC_C_LANGUAGE_STANDARD = gnu11;
				GCC_NO_COMMON_BLOCKS = YES;
				GCC_WARN_64_TO_32_BIT_CONVERSION = YES;
				GCC_WARN_ABOUT_RETURN_TYPE = YES_ERROR;
				GCC_WARN_UNDECLARED_SELECTOR = YES;
				GCC_WARN_UNINITIALIZED_AUTOS = YES_AGGRESSIVE;
				GCC_WARN_UNUSED_FUNCTION = YES;
				GCC_WARN_UNUSED_VARIABLE = YES;
				IPHONEOS_DEPLOYMENT_TARGET = 15.5;
				MTL_ENABLE_DEBUG_INFO = NO;
				MTL_FAST_MATH = YES;
				SDKROOT = iphoneos;
				SWIFT_COMPILATION_MODE = wholemodule;
				SWIFT_OPTIMIZATION_LEVEL = "-O";
				VALIDATE_PRODUCT = YES;
			};
			name = Release;
		};
		EB33621C288C5FF6004A155A /* Debug */ = {
			isa = XCBuildConfiguration;
			baseConfigurationReference = A8067DCC146A6DC0A2C69A6E /* Pods-MVChars.debug.xcconfig */;
			buildSettings = {
				ALWAYS_EMBED_SWIFT_STANDARD_LIBRARIES = "$(inherited)";
				ASSETCATALOG_COMPILER_APPICON_NAME = AppIcon;
				ASSETCATALOG_COMPILER_GLOBAL_ACCENT_COLOR_NAME = AccentColor;
				CODE_SIGN_STYLE = Automatic;
				CURRENT_PROJECT_VERSION = 1;
				GENERATE_INFOPLIST_FILE = YES;
				INFOPLIST_FILE = MVChars/Info.plist;
				INFOPLIST_KEY_UIApplicationSupportsIndirectInputEvents = YES;
				INFOPLIST_KEY_UILaunchStoryboardName = LaunchScreen;
				INFOPLIST_KEY_UIMainStoryboardFile = Main;
				INFOPLIST_KEY_UISupportedInterfaceOrientations_iPad = "UIInterfaceOrientationPortrait UIInterfaceOrientationPortraitUpsideDown UIInterfaceOrientationLandscapeLeft UIInterfaceOrientationLandscapeRight";
				INFOPLIST_KEY_UISupportedInterfaceOrientations_iPhone = "UIInterfaceOrientationPortrait UIInterfaceOrientationLandscapeLeft UIInterfaceOrientationLandscapeRight";
				LD_RUNPATH_SEARCH_PATHS = (
					"$(inherited)",
					"@executable_path/Frameworks",
				);
				MARKETING_VERSION = 1.0;
				PRODUCT_BUNDLE_IDENTIFIER = com.ramos.edilberto.MVChars;
				PRODUCT_NAME = "$(TARGET_NAME)";
				SWIFT_EMIT_LOC_STRINGS = YES;
				SWIFT_VERSION = 5.0;
				TARGETED_DEVICE_FAMILY = "1,2";
			};
			name = Debug;
		};
		EB33621D288C5FF6004A155A /* Release */ = {
			isa = XCBuildConfiguration;
			baseConfigurationReference = AB126F1052468D3AEC281268 /* Pods-MVChars.release.xcconfig */;
			buildSettings = {
				ALWAYS_EMBED_SWIFT_STANDARD_LIBRARIES = "$(inherited)";
				ASSETCATALOG_COMPILER_APPICON_NAME = AppIcon;
				ASSETCATALOG_COMPILER_GLOBAL_ACCENT_COLOR_NAME = AccentColor;
				CODE_SIGN_STYLE = Automatic;
				CURRENT_PROJECT_VERSION = 1;
				GENERATE_INFOPLIST_FILE = YES;
				INFOPLIST_FILE = MVChars/Info.plist;
				INFOPLIST_KEY_UIApplicationSupportsIndirectInputEvents = YES;
				INFOPLIST_KEY_UILaunchStoryboardName = LaunchScreen;
				INFOPLIST_KEY_UIMainStoryboardFile = Main;
				INFOPLIST_KEY_UISupportedInterfaceOrientations_iPad = "UIInterfaceOrientationPortrait UIInterfaceOrientationPortraitUpsideDown UIInterfaceOrientationLandscapeLeft UIInterfaceOrientationLandscapeRight";
				INFOPLIST_KEY_UISupportedInterfaceOrientations_iPhone = "UIInterfaceOrientationPortrait UIInterfaceOrientationLandscapeLeft UIInterfaceOrientationLandscapeRight";
				LD_RUNPATH_SEARCH_PATHS = (
					"$(inherited)",
					"@executable_path/Frameworks",
				);
				MARKETING_VERSION = 1.0;
				PRODUCT_BUNDLE_IDENTIFIER = com.ramos.edilberto.MVChars;
				PRODUCT_NAME = "$(TARGET_NAME)";
				SWIFT_EMIT_LOC_STRINGS = YES;
				SWIFT_VERSION = 5.0;
				TARGETED_DEVICE_FAMILY = "1,2";
			};
			name = Release;
		};
		EB33621F288C5FF6004A155A /* Debug */ = {
			isa = XCBuildConfiguration;
			baseConfigurationReference = 7001FAB21C7E660FA910D820 /* Pods-MVChars-MVCharsTests.debug.xcconfig */;
			buildSettings = {
				ALWAYS_EMBED_SWIFT_STANDARD_LIBRARIES = "$(inherited)";
				BUNDLE_LOADER = "$(TEST_HOST)";
				CODE_SIGN_STYLE = Automatic;
				CURRENT_PROJECT_VERSION = 1;
				GENERATE_INFOPLIST_FILE = YES;
				IPHONEOS_DEPLOYMENT_TARGET = 15.5;
				MARKETING_VERSION = 1.0;
				PRODUCT_BUNDLE_IDENTIFIER = com.ramos.edilberto.MVCharsTests;
				PRODUCT_NAME = "$(TARGET_NAME)";
				SWIFT_EMIT_LOC_STRINGS = NO;
				SWIFT_VERSION = 5.0;
				TARGETED_DEVICE_FAMILY = "1,2";
				TEST_HOST = "$(BUILT_PRODUCTS_DIR)/MVChars.app/MVChars";
			};
			name = Debug;
		};
		EB336220288C5FF6004A155A /* Release */ = {
			isa = XCBuildConfiguration;
			baseConfigurationReference = C37F35D9E011EED19DD914F5 /* Pods-MVChars-MVCharsTests.release.xcconfig */;
			buildSettings = {
				ALWAYS_EMBED_SWIFT_STANDARD_LIBRARIES = "$(inherited)";
				BUNDLE_LOADER = "$(TEST_HOST)";
				CODE_SIGN_STYLE = Automatic;
				CURRENT_PROJECT_VERSION = 1;
				GENERATE_INFOPLIST_FILE = YES;
				IPHONEOS_DEPLOYMENT_TARGET = 15.5;
				MARKETING_VERSION = 1.0;
				PRODUCT_BUNDLE_IDENTIFIER = com.ramos.edilberto.MVCharsTests;
				PRODUCT_NAME = "$(TARGET_NAME)";
				SWIFT_EMIT_LOC_STRINGS = NO;
				SWIFT_VERSION = 5.0;
				TARGETED_DEVICE_FAMILY = "1,2";
				TEST_HOST = "$(BUILT_PRODUCTS_DIR)/MVChars.app/MVChars";
			};
			name = Release;
		};
		EB336222288C5FF6004A155A /* Debug */ = {
			isa = XCBuildConfiguration;
			baseConfigurationReference = 8E2E51378D8205F53F82562F /* Pods-MVChars-MVCharsUITests.debug.xcconfig */;
			buildSettings = {
				ALWAYS_EMBED_SWIFT_STANDARD_LIBRARIES = "$(inherited)";
				CODE_SIGN_STYLE = Automatic;
				CURRENT_PROJECT_VERSION = 1;
				GENERATE_INFOPLIST_FILE = YES;
				MARKETING_VERSION = 1.0;
				PRODUCT_BUNDLE_IDENTIFIER = com.ramos.edilberto.MVCharsUITests;
				PRODUCT_NAME = "$(TARGET_NAME)";
				SWIFT_EMIT_LOC_STRINGS = NO;
				SWIFT_VERSION = 5.0;
				TARGETED_DEVICE_FAMILY = "1,2";
				TEST_TARGET_NAME = MVChars;
			};
			name = Debug;
		};
		EB336223288C5FF6004A155A /* Release */ = {
			isa = XCBuildConfiguration;
			baseConfigurationReference = 09EA57730A476B5C3F77328F /* Pods-MVChars-MVCharsUITests.release.xcconfig */;
			buildSettings = {
				ALWAYS_EMBED_SWIFT_STANDARD_LIBRARIES = "$(inherited)";
				CODE_SIGN_STYLE = Automatic;
				CURRENT_PROJECT_VERSION = 1;
				GENERATE_INFOPLIST_FILE = YES;
				MARKETING_VERSION = 1.0;
				PRODUCT_BUNDLE_IDENTIFIER = com.ramos.edilberto.MVCharsUITests;
				PRODUCT_NAME = "$(TARGET_NAME)";
				SWIFT_EMIT_LOC_STRINGS = NO;
				SWIFT_VERSION = 5.0;
				TARGETED_DEVICE_FAMILY = "1,2";
				TEST_TARGET_NAME = MVChars;
			};
			name = Release;
		};
/* End XCBuildConfiguration section */

/* Begin XCConfigurationList section */
		EB3361EC288C5FF5004A155A /* Build configuration list for PBXProject "MVChars" */ = {
			isa = XCConfigurationList;
			buildConfigurations = (
				EB336219288C5FF6004A155A /* Debug */,
				EB33621A288C5FF6004A155A /* Release */,
			);
			defaultConfigurationIsVisible = 0;
			defaultConfigurationName = Release;
		};
		EB33621B288C5FF6004A155A /* Build configuration list for PBXNativeTarget "MVChars" */ = {
			isa = XCConfigurationList;
			buildConfigurations = (
				EB33621C288C5FF6004A155A /* Debug */,
				EB33621D288C5FF6004A155A /* Release */,
			);
			defaultConfigurationIsVisible = 0;
			defaultConfigurationName = Release;
		};
		EB33621E288C5FF6004A155A /* Build configuration list for PBXNativeTarget "MVCharsTests" */ = {
			isa = XCConfigurationList;
			buildConfigurations = (
				EB33621F288C5FF6004A155A /* Debug */,
				EB336220288C5FF6004A155A /* Release */,
			);
			defaultConfigurationIsVisible = 0;
			defaultConfigurationName = Release;
		};
		EB336221288C5FF6004A155A /* Build configuration list for PBXNativeTarget "MVCharsUITests" */ = {
			isa = XCConfigurationList;
			buildConfigurations = (
				EB336222288C5FF6004A155A /* Debug */,
				EB336223288C5FF6004A155A /* Release */,
			);
			defaultConfigurationIsVisible = 0;
			defaultConfigurationName = Release;
		};
/* End XCConfigurationList section */
	};
	rootObject = EB3361E9288C5FF5004A155A /* Project object */;
}
